
Microsoft Visual Studio Solution File, Format Version 12.00
# Visual Studio Version 16
VisualStudioVersion = 16.0.30804.86
MinimumVisualStudioVersion = 10.0.40219.1
Project("{9A19103F-16F7-4668-BE54-9A1E7A4F7556}") = "Foundation", "Foundation\Foundation.csproj", "{CF54F25E-07BB-422D-B4CB-F10CAAFB7F50}"
EndProject
Project("{9A19103F-16F7-4668-BE54-9A1E7A4F7556}") = "TicTacToe", "TicTacToe\TicTacToe.csproj", "{534C8F01-0EB7-4386-AF9D-6ECB0A9FD6BD}"
EndProject
Project("{9A19103F-16F7-4668-BE54-9A1E7A4F7556}") = "ConsoleLibrary", "ConsoleLibrary\ConsoleLibrary.csproj", "{420C67F8-6D15-4226-9F26-0F823B4A7AFE}"
EndProject
Project("{9A19103F-16F7-4668-BE54-9A1E7A4F7556}") = "NumberGuess-Console", "NumberGuess-Console\NumberGuess-Console.csproj", "{4969BC65-B094-4F5E-B8B0-92C95497FCB8}"
EndProject
Project("{9A19103F-16F7-4668-BE54-9A1E7A4F7556}") = "WinForms", "WinForms\WinForms.csproj", "{B6E08134-727E-4A99-A150-8B2C9BBB98CB}"
EndProject
Project("{9A19103F-16F7-4668-BE54-9A1E7A4F7556}") = "NumberGuess-WinForms", "NumberGuess-WinForms\NumberGuess-WinForms.csproj", "{90ADCB8A-C3A4-4BAE-9D2D-EA440A0594EF}"
EndProject
Project("{9A19103F-16F7-4668-BE54-9A1E7A4F7556}") = "WPF", "WPF\WPF.csproj", "{A5BFADDD-8BE4-4C5F-9588-34440EB32890}"
EndProject
Project("{9A19103F-16F7-4668-BE54-9A1E7A4F7556}") = "Calculator-WPF", "Calculator-WPF\Calculator-WPF.csproj", "{6CAA06E7-D193-44CF-AD56-0997D8BE7E37}"
EndProject
Project("{9A19103F-16F7-4668-BE54-9A1E7A4F7556}") = "MatchGame", "MatchGame\MatchGame.csproj", "{DB1A6EC1-0BD4-4F27-BE6F-587ADFFBD46E}"
EndProject
Project("{9A19103F-16F7-4668-BE54-9A1E7A4F7556}") = "Database", "Database\Database.csproj", "{6CF2FB46-5F13-4E8C-847A-6F502C392715}"
EndProject
Project("{9A19103F-16F7-4668-BE54-9A1E7A4F7556}") = "Game", "Game\Game.csproj", "{ADA963D7-F30F-46C5-BECA-A4B990C99567}"
EndProject
Project("{FAE04EC0-301F-11D3-BF4B-00C04F79EFBC}") = "UWP", "UWP\UWP.csproj", "{61B97F15-A2FA-4412-80A8-F91AF511CCEA}"
EndProject
Project("{FAE04EC0-301F-11D3-BF4B-00C04F79EFBC}") = "Map", "Map\Map.csproj", "{319FCE2B-2D05-4B94-BF68-E800DB513A74}"
EndProject
Project("{FAE04EC0-301F-11D3-BF4B-00C04F79EFBC}") = "BankingApp", "BankingApp\BankingApp.csproj", "{08001DF6-D66B-4091-BF62-8DE3AEA6AE73}"
EndProject
Global
	GlobalSection(SolutionConfigurationPlatforms) = preSolution
		Debug|Any CPU = Debug|Any CPU
		Debug|ARM = Debug|ARM
		Debug|ARM64 = Debug|ARM64
		Debug|x64 = Debug|x64
		Debug|x86 = Debug|x86
		Release|Any CPU = Release|Any CPU
		Release|ARM = Release|ARM
		Release|ARM64 = Release|ARM64
		Release|x64 = Release|x64
		Release|x86 = Release|x86
	EndGlobalSection
	GlobalSection(ProjectConfigurationPlatforms) = postSolution
		{CF54F25E-07BB-422D-B4CB-F10CAAFB7F50}.Debug|Any CPU.ActiveCfg = Debug|Any CPU
		{CF54F25E-07BB-422D-B4CB-F10CAAFB7F50}.Debug|Any CPU.Build.0 = Debug|Any CPU
		{CF54F25E-07BB-422D-B4CB-F10CAAFB7F50}.Debug|ARM.ActiveCfg = Debug|Any CPU
		{CF54F25E-07BB-422D-B4CB-F10CAAFB7F50}.Debug|ARM.Build.0 = Debug|Any CPU
		{CF54F25E-07BB-422D-B4CB-F10CAAFB7F50}.Debug|ARM64.ActiveCfg = Debug|Any CPU
		{CF54F25E-07BB-422D-B4CB-F10CAAFB7F50}.Debug|ARM64.Build.0 = Debug|Any CPU
		{CF54F25E-07BB-422D-B4CB-F10CAAFB7F50}.Debug|x64.ActiveCfg = Debug|Any CPU
		{CF54F25E-07BB-422D-B4CB-F10CAAFB7F50}.Debug|x64.Build.0 = Debug|Any CPU
		{CF54F25E-07BB-422D-B4CB-F10CAAFB7F50}.Debug|x86.ActiveCfg = Debug|Any CPU
		{CF54F25E-07BB-422D-B4CB-F10CAAFB7F50}.Debug|x86.Build.0 = Debug|Any CPU
		{CF54F25E-07BB-422D-B4CB-F10CAAFB7F50}.Release|Any CPU.ActiveCfg = Release|Any CPU
		{CF54F25E-07BB-422D-B4CB-F10CAAFB7F50}.Release|Any CPU.Build.0 = Release|Any CPU
		{CF54F25E-07BB-422D-B4CB-F10CAAFB7F50}.Release|ARM.ActiveCfg = Release|Any CPU
		{CF54F25E-07BB-422D-B4CB-F10CAAFB7F50}.Release|ARM.Build.0 = Release|Any CPU
		{CF54F25E-07BB-422D-B4CB-F10CAAFB7F50}.Release|ARM64.ActiveCfg = Release|Any CPU
		{CF54F25E-07BB-422D-B4CB-F10CAAFB7F50}.Release|ARM64.Build.0 = Release|Any CPU
		{CF54F25E-07BB-422D-B4CB-F10CAAFB7F50}.Release|x64.ActiveCfg = Release|Any CPU
		{CF54F25E-07BB-422D-B4CB-F10CAAFB7F50}.Release|x64.Build.0 = Release|Any CPU
		{CF54F25E-07BB-422D-B4CB-F10CAAFB7F50}.Release|x86.ActiveCfg = Release|Any CPU
		{CF54F25E-07BB-422D-B4CB-F10CAAFB7F50}.Release|x86.Build.0 = Release|Any CPU
		{534C8F01-0EB7-4386-AF9D-6ECB0A9FD6BD}.Debug|Any CPU.ActiveCfg = Debug|Any CPU
		{534C8F01-0EB7-4386-AF9D-6ECB0A9FD6BD}.Debug|Any CPU.Build.0 = Debug|Any CPU
		{534C8F01-0EB7-4386-AF9D-6ECB0A9FD6BD}.Debug|ARM.ActiveCfg = Debug|Any CPU
		{534C8F01-0EB7-4386-AF9D-6ECB0A9FD6BD}.Debug|ARM.Build.0 = Debug|Any CPU
		{534C8F01-0EB7-4386-AF9D-6ECB0A9FD6BD}.Debug|ARM64.ActiveCfg = Debug|Any CPU
		{534C8F01-0EB7-4386-AF9D-6ECB0A9FD6BD}.Debug|ARM64.Build.0 = Debug|Any CPU
		{534C8F01-0EB7-4386-AF9D-6ECB0A9FD6BD}.Debug|x64.ActiveCfg = Debug|Any CPU
		{534C8F01-0EB7-4386-AF9D-6ECB0A9FD6BD}.Debug|x64.Build.0 = Debug|Any CPU
		{534C8F01-0EB7-4386-AF9D-6ECB0A9FD6BD}.Debug|x86.ActiveCfg = Debug|Any CPU
		{534C8F01-0EB7-4386-AF9D-6ECB0A9FD6BD}.Debug|x86.Build.0 = Debug|Any CPU
		{534C8F01-0EB7-4386-AF9D-6ECB0A9FD6BD}.Release|Any CPU.ActiveCfg = Release|Any CPU
		{534C8F01-0EB7-4386-AF9D-6ECB0A9FD6BD}.Release|Any CPU.Build.0 = Release|Any CPU
		{534C8F01-0EB7-4386-AF9D-6ECB0A9FD6BD}.Release|ARM.ActiveCfg = Release|Any CPU
		{534C8F01-0EB7-4386-AF9D-6ECB0A9FD6BD}.Release|ARM.Build.0 = Release|Any CPU
		{534C8F01-0EB7-4386-AF9D-6ECB0A9FD6BD}.Release|ARM64.ActiveCfg = Release|Any CPU
		{534C8F01-0EB7-4386-AF9D-6ECB0A9FD6BD}.Release|ARM64.Build.0 = Release|Any CPU
		{534C8F01-0EB7-4386-AF9D-6ECB0A9FD6BD}.Release|x64.ActiveCfg = Release|Any CPU
		{534C8F01-0EB7-4386-AF9D-6ECB0A9FD6BD}.Release|x64.Build.0 = Release|Any CPU
		{534C8F01-0EB7-4386-AF9D-6ECB0A9FD6BD}.Release|x86.ActiveCfg = Release|Any CPU
		{534C8F01-0EB7-4386-AF9D-6ECB0A9FD6BD}.Release|x86.Build.0 = Release|Any CPU
		{420C67F8-6D15-4226-9F26-0F823B4A7AFE}.Debug|Any CPU.ActiveCfg = Debug|Any CPU
		{420C67F8-6D15-4226-9F26-0F823B4A7AFE}.Debug|Any CPU.Build.0 = Debug|Any CPU
		{420C67F8-6D15-4226-9F26-0F823B4A7AFE}.Debug|ARM.ActiveCfg = Debug|Any CPU
		{420C67F8-6D15-4226-9F26-0F823B4A7AFE}.Debug|ARM.Build.0 = Debug|Any CPU
		{420C67F8-6D15-4226-9F26-0F823B4A7AFE}.Debug|ARM64.ActiveCfg = Debug|Any CPU
		{420C67F8-6D15-4226-9F26-0F823B4A7AFE}.Debug|ARM64.Build.0 = Debug|Any CPU
		{420C67F8-6D15-4226-9F26-0F823B4A7AFE}.Debug|x64.ActiveCfg = Debug|Any CPU
		{420C67F8-6D15-4226-9F26-0F823B4A7AFE}.Debug|x64.Build.0 = Debug|Any CPU
		{420C67F8-6D15-4226-9F26-0F823B4A7AFE}.Debug|x86.ActiveCfg = Debug|Any CPU
		{420C67F8-6D15-4226-9F26-0F823B4A7AFE}.Debug|x86.Build.0 = Debug|Any CPU
		{420C67F8-6D15-4226-9F26-0F823B4A7AFE}.Release|Any CPU.ActiveCfg = Release|Any CPU
		{420C67F8-6D15-4226-9F26-0F823B4A7AFE}.Release|Any CPU.Build.0 = Release|Any CPU
		{420C67F8-6D15-4226-9F26-0F823B4A7AFE}.Release|ARM.ActiveCfg = Release|Any CPU
		{420C67F8-6D15-4226-9F26-0F823B4A7AFE}.Release|ARM.Build.0 = Release|Any CPU
		{420C67F8-6D15-4226-9F26-0F823B4A7AFE}.Release|ARM64.ActiveCfg = Release|Any CPU
		{420C67F8-6D15-4226-9F26-0F823B4A7AFE}.Release|ARM64.Build.0 = Release|Any CPU
		{420C67F8-6D15-4226-9F26-0F823B4A7AFE}.Release|x64.ActiveCfg = Release|Any CPU
		{420C67F8-6D15-4226-9F26-0F823B4A7AFE}.Release|x64.Build.0 = Release|Any CPU
		{420C67F8-6D15-4226-9F26-0F823B4A7AFE}.Release|x86.ActiveCfg = Release|Any CPU
		{420C67F8-6D15-4226-9F26-0F823B4A7AFE}.Release|x86.Build.0 = Release|Any CPU
		{4969BC65-B094-4F5E-B8B0-92C95497FCB8}.Debug|Any CPU.ActiveCfg = Debug|Any CPU
		{4969BC65-B094-4F5E-B8B0-92C95497FCB8}.Debug|Any CPU.Build.0 = Debug|Any CPU
		{4969BC65-B094-4F5E-B8B0-92C95497FCB8}.Debug|ARM.ActiveCfg = Debug|Any CPU
		{4969BC65-B094-4F5E-B8B0-92C95497FCB8}.Debug|ARM.Build.0 = Debug|Any CPU
		{4969BC65-B094-4F5E-B8B0-92C95497FCB8}.Debug|ARM64.ActiveCfg = Debug|Any CPU
		{4969BC65-B094-4F5E-B8B0-92C95497FCB8}.Debug|ARM64.Build.0 = Debug|Any CPU
		{4969BC65-B094-4F5E-B8B0-92C95497FCB8}.Debug|x64.ActiveCfg = Debug|Any CPU
		{4969BC65-B094-4F5E-B8B0-92C95497FCB8}.Debug|x64.Build.0 = Debug|Any CPU
		{4969BC65-B094-4F5E-B8B0-92C95497FCB8}.Debug|x86.ActiveCfg = Debug|Any CPU
		{4969BC65-B094-4F5E-B8B0-92C95497FCB8}.Debug|x86.Build.0 = Debug|Any CPU
		{4969BC65-B094-4F5E-B8B0-92C95497FCB8}.Release|Any CPU.ActiveCfg = Release|Any CPU
		{4969BC65-B094-4F5E-B8B0-92C95497FCB8}.Release|Any CPU.Build.0 = Release|Any CPU
		{4969BC65-B094-4F5E-B8B0-92C95497FCB8}.Release|ARM.ActiveCfg = Release|Any CPU
		{4969BC65-B094-4F5E-B8B0-92C95497FCB8}.Release|ARM.Build.0 = Release|Any CPU
		{4969BC65-B094-4F5E-B8B0-92C95497FCB8}.Release|ARM64.ActiveCfg = Release|Any CPU
		{4969BC65-B094-4F5E-B8B0-92C95497FCB8}.Release|ARM64.Build.0 = Release|Any CPU
		{4969BC65-B094-4F5E-B8B0-92C95497FCB8}.Release|x64.ActiveCfg = Release|Any CPU
		{4969BC65-B094-4F5E-B8B0-92C95497FCB8}.Release|x64.Build.0 = Release|Any CPU
		{4969BC65-B094-4F5E-B8B0-92C95497FCB8}.Release|x86.ActiveCfg = Release|Any CPU
		{4969BC65-B094-4F5E-B8B0-92C95497FCB8}.Release|x86.Build.0 = Release|Any CPU
		{B6E08134-727E-4A99-A150-8B2C9BBB98CB}.Debug|Any CPU.ActiveCfg = Debug|Any CPU
		{B6E08134-727E-4A99-A150-8B2C9BBB98CB}.Debug|Any CPU.Build.0 = Debug|Any CPU
		{B6E08134-727E-4A99-A150-8B2C9BBB98CB}.Debug|ARM.ActiveCfg = Debug|Any CPU
		{B6E08134-727E-4A99-A150-8B2C9BBB98CB}.Debug|ARM.Build.0 = Debug|Any CPU
		{B6E08134-727E-4A99-A150-8B2C9BBB98CB}.Debug|ARM64.ActiveCfg = Debug|Any CPU
		{B6E08134-727E-4A99-A150-8B2C9BBB98CB}.Debug|ARM64.Build.0 = Debug|Any CPU
		{B6E08134-727E-4A99-A150-8B2C9BBB98CB}.Debug|x64.ActiveCfg = Debug|Any CPU
		{B6E08134-727E-4A99-A150-8B2C9BBB98CB}.Debug|x64.Build.0 = Debug|Any CPU
		{B6E08134-727E-4A99-A150-8B2C9BBB98CB}.Debug|x86.ActiveCfg = Debug|Any CPU
		{B6E08134-727E-4A99-A150-8B2C9BBB98CB}.Debug|x86.Build.0 = Debug|Any CPU
		{B6E08134-727E-4A99-A150-8B2C9BBB98CB}.Release|Any CPU.ActiveCfg = Release|Any CPU
		{B6E08134-727E-4A99-A150-8B2C9BBB98CB}.Release|Any CPU.Build.0 = Release|Any CPU
		{B6E08134-727E-4A99-A150-8B2C9BBB98CB}.Release|ARM.ActiveCfg = Release|Any CPU
		{B6E08134-727E-4A99-A150-8B2C9BBB98CB}.Release|ARM.Build.0 = Release|Any CPU
		{B6E08134-727E-4A99-A150-8B2C9BBB98CB}.Release|ARM64.ActiveCfg = Release|Any CPU
		{B6E08134-727E-4A99-A150-8B2C9BBB98CB}.Release|ARM64.Build.0 = Release|Any CPU
		{B6E08134-727E-4A99-A150-8B2C9BBB98CB}.Release|x64.ActiveCfg = Release|Any CPU
		{B6E08134-727E-4A99-A150-8B2C9BBB98CB}.Release|x64.Build.0 = Release|Any CPU
		{B6E08134-727E-4A99-A150-8B2C9BBB98CB}.Release|x86.ActiveCfg = Release|Any CPU
		{B6E08134-727E-4A99-A150-8B2C9BBB98CB}.Release|x86.Build.0 = Release|Any CPU
		{90ADCB8A-C3A4-4BAE-9D2D-EA440A0594EF}.Debug|Any CPU.ActiveCfg = Debug|Any CPU
		{90ADCB8A-C3A4-4BAE-9D2D-EA440A0594EF}.Debug|Any CPU.Build.0 = Debug|Any CPU
		{90ADCB8A-C3A4-4BAE-9D2D-EA440A0594EF}.Debug|ARM.ActiveCfg = Debug|Any CPU
		{90ADCB8A-C3A4-4BAE-9D2D-EA440A0594EF}.Debug|ARM.Build.0 = Debug|Any CPU
		{90ADCB8A-C3A4-4BAE-9D2D-EA440A0594EF}.Debug|ARM64.ActiveCfg = Debug|Any CPU
		{90ADCB8A-C3A4-4BAE-9D2D-EA440A0594EF}.Debug|ARM64.Build.0 = Debug|Any CPU
		{90ADCB8A-C3A4-4BAE-9D2D-EA440A0594EF}.Debug|x64.ActiveCfg = Debug|Any CPU
		{90ADCB8A-C3A4-4BAE-9D2D-EA440A0594EF}.Debug|x64.Build.0 = Debug|Any CPU
		{90ADCB8A-C3A4-4BAE-9D2D-EA440A0594EF}.Debug|x86.ActiveCfg = Debug|Any CPU
		{90ADCB8A-C3A4-4BAE-9D2D-EA440A0594EF}.Debug|x86.Build.0 = Debug|Any CPU
		{90ADCB8A-C3A4-4BAE-9D2D-EA440A0594EF}.Release|Any CPU.ActiveCfg = Release|Any CPU
		{90ADCB8A-C3A4-4BAE-9D2D-EA440A0594EF}.Release|Any CPU.Build.0 = Release|Any CPU
		{90ADCB8A-C3A4-4BAE-9D2D-EA440A0594EF}.Release|ARM.ActiveCfg = Release|Any CPU
		{90ADCB8A-C3A4-4BAE-9D2D-EA440A0594EF}.Release|ARM.Build.0 = Release|Any CPU
		{90ADCB8A-C3A4-4BAE-9D2D-EA440A0594EF}.Release|ARM64.ActiveCfg = Release|Any CPU
		{90ADCB8A-C3A4-4BAE-9D2D-EA440A0594EF}.Release|ARM64.Build.0 = Release|Any CPU
		{90ADCB8A-C3A4-4BAE-9D2D-EA440A0594EF}.Release|x64.ActiveCfg = Release|Any CPU
		{90ADCB8A-C3A4-4BAE-9D2D-EA440A0594EF}.Release|x64.Build.0 = Release|Any CPU
		{90ADCB8A-C3A4-4BAE-9D2D-EA440A0594EF}.Release|x86.ActiveCfg = Release|Any CPU
		{90ADCB8A-C3A4-4BAE-9D2D-EA440A0594EF}.Release|x86.Build.0 = Release|Any CPU
		{A5BFADDD-8BE4-4C5F-9588-34440EB32890}.Debug|Any CPU.ActiveCfg = Debug|Any CPU
		{A5BFADDD-8BE4-4C5F-9588-34440EB32890}.Debug|Any CPU.Build.0 = Debug|Any CPU
		{A5BFADDD-8BE4-4C5F-9588-34440EB32890}.Debug|ARM.ActiveCfg = Debug|Any CPU
		{A5BFADDD-8BE4-4C5F-9588-34440EB32890}.Debug|ARM.Build.0 = Debug|Any CPU
		{A5BFADDD-8BE4-4C5F-9588-34440EB32890}.Debug|ARM64.ActiveCfg = Debug|Any CPU
		{A5BFADDD-8BE4-4C5F-9588-34440EB32890}.Debug|ARM64.Build.0 = Debug|Any CPU
		{A5BFADDD-8BE4-4C5F-9588-34440EB32890}.Debug|x64.ActiveCfg = Debug|Any CPU
		{A5BFADDD-8BE4-4C5F-9588-34440EB32890}.Debug|x64.Build.0 = Debug|Any CPU
		{A5BFADDD-8BE4-4C5F-9588-34440EB32890}.Debug|x86.ActiveCfg = Debug|Any CPU
		{A5BFADDD-8BE4-4C5F-9588-34440EB32890}.Debug|x86.Build.0 = Debug|Any CPU
		{A5BFADDD-8BE4-4C5F-9588-34440EB32890}.Release|Any CPU.ActiveCfg = Release|Any CPU
		{A5BFADDD-8BE4-4C5F-9588-34440EB32890}.Release|Any CPU.Build.0 = Release|Any CPU
		{A5BFADDD-8BE4-4C5F-9588-34440EB32890}.Release|ARM.ActiveCfg = Release|Any CPU
		{A5BFADDD-8BE4-4C5F-9588-34440EB32890}.Release|ARM.Build.0 = Release|Any CPU
		{A5BFADDD-8BE4-4C5F-9588-34440EB32890}.Release|ARM64.ActiveCfg = Release|Any CPU
		{A5BFADDD-8BE4-4C5F-9588-34440EB32890}.Release|ARM64.Build.0 = Release|Any CPU
		{A5BFADDD-8BE4-4C5F-9588-34440EB32890}.Release|x64.ActiveCfg = Release|Any CPU
		{A5BFADDD-8BE4-4C5F-9588-34440EB32890}.Release|x64.Build.0 = Release|Any CPU
		{A5BFADDD-8BE4-4C5F-9588-34440EB32890}.Release|x86.ActiveCfg = Release|Any CPU
		{A5BFADDD-8BE4-4C5F-9588-34440EB32890}.Release|x86.Build.0 = Release|Any CPU
		{6CAA06E7-D193-44CF-AD56-0997D8BE7E37}.Debug|Any CPU.ActiveCfg = Debug|Any CPU
		{6CAA06E7-D193-44CF-AD56-0997D8BE7E37}.Debug|Any CPU.Build.0 = Debug|Any CPU
		{6CAA06E7-D193-44CF-AD56-0997D8BE7E37}.Debug|ARM.ActiveCfg = Debug|Any CPU
		{6CAA06E7-D193-44CF-AD56-0997D8BE7E37}.Debug|ARM.Build.0 = Debug|Any CPU
		{6CAA06E7-D193-44CF-AD56-0997D8BE7E37}.Debug|ARM64.ActiveCfg = Debug|Any CPU
		{6CAA06E7-D193-44CF-AD56-0997D8BE7E37}.Debug|ARM64.Build.0 = Debug|Any CPU
		{6CAA06E7-D193-44CF-AD56-0997D8BE7E37}.Debug|x64.ActiveCfg = Debug|Any CPU
		{6CAA06E7-D193-44CF-AD56-0997D8BE7E37}.Debug|x64.Build.0 = Debug|Any CPU
		{6CAA06E7-D193-44CF-AD56-0997D8BE7E37}.Debug|x86.ActiveCfg = Debug|Any CPU
		{6CAA06E7-D193-44CF-AD56-0997D8BE7E37}.Debug|x86.Build.0 = Debug|Any CPU
		{6CAA06E7-D193-44CF-AD56-0997D8BE7E37}.Release|Any CPU.ActiveCfg = Release|Any CPU
		{6CAA06E7-D193-44CF-AD56-0997D8BE7E37}.Release|Any CPU.Build.0 = Release|Any CPU
		{6CAA06E7-D193-44CF-AD56-0997D8BE7E37}.Release|ARM.ActiveCfg = Release|Any CPU
		{6CAA06E7-D193-44CF-AD56-0997D8BE7E37}.Release|ARM.Build.0 = Release|Any CPU
		{6CAA06E7-D193-44CF-AD56-0997D8BE7E37}.Release|ARM64.ActiveCfg = Release|Any CPU
		{6CAA06E7-D193-44CF-AD56-0997D8BE7E37}.Release|ARM64.Build.0 = Release|Any CPU
		{6CAA06E7-D193-44CF-AD56-0997D8BE7E37}.Release|x64.ActiveCfg = Release|Any CPU
		{6CAA06E7-D193-44CF-AD56-0997D8BE7E37}.Release|x64.Build.0 = Release|Any CPU
		{6CAA06E7-D193-44CF-AD56-0997D8BE7E37}.Release|x86.ActiveCfg = Release|Any CPU
		{6CAA06E7-D193-44CF-AD56-0997D8BE7E37}.Release|x86.Build.0 = Release|Any CPU
		{DB1A6EC1-0BD4-4F27-BE6F-587ADFFBD46E}.Debug|Any CPU.ActiveCfg = Debug|Any CPU
		{DB1A6EC1-0BD4-4F27-BE6F-587ADFFBD46E}.Debug|Any CPU.Build.0 = Debug|Any CPU
		{DB1A6EC1-0BD4-4F27-BE6F-587ADFFBD46E}.Debug|ARM.ActiveCfg = Debug|Any CPU
		{DB1A6EC1-0BD4-4F27-BE6F-587ADFFBD46E}.Debug|ARM.Build.0 = Debug|Any CPU
		{DB1A6EC1-0BD4-4F27-BE6F-587ADFFBD46E}.Debug|ARM64.ActiveCfg = Debug|Any CPU
		{DB1A6EC1-0BD4-4F27-BE6F-587ADFFBD46E}.Debug|ARM64.Build.0 = Debug|Any CPU
		{DB1A6EC1-0BD4-4F27-BE6F-587ADFFBD46E}.Debug|x64.ActiveCfg = Debug|Any CPU
		{DB1A6EC1-0BD4-4F27-BE6F-587ADFFBD46E}.Debug|x64.Build.0 = Debug|Any CPU
		{DB1A6EC1-0BD4-4F27-BE6F-587ADFFBD46E}.Debug|x86.ActiveCfg = Debug|Any CPU
		{DB1A6EC1-0BD4-4F27-BE6F-587ADFFBD46E}.Debug|x86.Build.0 = Debug|Any CPU
		{DB1A6EC1-0BD4-4F27-BE6F-587ADFFBD46E}.Release|Any CPU.ActiveCfg = Release|Any CPU
		{DB1A6EC1-0BD4-4F27-BE6F-587ADFFBD46E}.Release|Any CPU.Build.0 = Release|Any CPU
		{DB1A6EC1-0BD4-4F27-BE6F-587ADFFBD46E}.Release|ARM.ActiveCfg = Release|Any CPU
		{DB1A6EC1-0BD4-4F27-BE6F-587ADFFBD46E}.Release|ARM.Build.0 = Release|Any CPU
		{DB1A6EC1-0BD4-4F27-BE6F-587ADFFBD46E}.Release|ARM64.ActiveCfg = Release|Any CPU
		{DB1A6EC1-0BD4-4F27-BE6F-587ADFFBD46E}.Release|ARM64.Build.0 = Release|Any CPU
		{DB1A6EC1-0BD4-4F27-BE6F-587ADFFBD46E}.Release|x64.ActiveCfg = Release|Any CPU
		{DB1A6EC1-0BD4-4F27-BE6F-587ADFFBD46E}.Release|x64.Build.0 = Release|Any CPU
		{DB1A6EC1-0BD4-4F27-BE6F-587ADFFBD46E}.Release|x86.ActiveCfg = Release|Any CPU
		{DB1A6EC1-0BD4-4F27-BE6F-587ADFFBD46E}.Release|x86.Build.0 = Release|Any CPU
		{6CF2FB46-5F13-4E8C-847A-6F502C392715}.Debug|Any CPU.ActiveCfg = Debug|Any CPU
		{6CF2FB46-5F13-4E8C-847A-6F502C392715}.Debug|Any CPU.Build.0 = Debug|Any CPU
		{6CF2FB46-5F13-4E8C-847A-6F502C392715}.Debug|ARM.ActiveCfg = Debug|Any CPU
		{6CF2FB46-5F13-4E8C-847A-6F502C392715}.Debug|ARM.Build.0 = Debug|Any CPU
		{6CF2FB46-5F13-4E8C-847A-6F502C392715}.Debug|ARM64.ActiveCfg = Debug|Any CPU
		{6CF2FB46-5F13-4E8C-847A-6F502C392715}.Debug|ARM64.Build.0 = Debug|Any CPU
		{6CF2FB46-5F13-4E8C-847A-6F502C392715}.Debug|x64.ActiveCfg = Debug|Any CPU
		{6CF2FB46-5F13-4E8C-847A-6F502C392715}.Debug|x64.Build.0 = Debug|Any CPU
		{6CF2FB46-5F13-4E8C-847A-6F502C392715}.Debug|x86.ActiveCfg = Debug|Any CPU
		{6CF2FB46-5F13-4E8C-847A-6F502C392715}.Debug|x86.Build.0 = Debug|Any CPU
		{6CF2FB46-5F13-4E8C-847A-6F502C392715}.Release|Any CPU.ActiveCfg = Release|Any CPU
		{6CF2FB46-5F13-4E8C-847A-6F502C392715}.Release|Any CPU.Build.0 = Release|Any CPU
		{6CF2FB46-5F13-4E8C-847A-6F502C392715}.Release|ARM.ActiveCfg = Release|Any CPU
		{6CF2FB46-5F13-4E8C-847A-6F502C392715}.Release|ARM.Build.0 = Release|Any CPU
		{6CF2FB46-5F13-4E8C-847A-6F502C392715}.Release|ARM64.ActiveCfg = Release|Any CPU
		{6CF2FB46-5F13-4E8C-847A-6F502C392715}.Release|ARM64.Build.0 = Release|Any CPU
		{6CF2FB46-5F13-4E8C-847A-6F502C392715}.Release|x64.ActiveCfg = Release|Any CPU
		{6CF2FB46-5F13-4E8C-847A-6F502C392715}.Release|x64.Build.0 = Release|Any CPU
		{6CF2FB46-5F13-4E8C-847A-6F502C392715}.Release|x86.ActiveCfg = Release|Any CPU
		{6CF2FB46-5F13-4E8C-847A-6F502C392715}.Release|x86.Build.0 = Release|Any CPU
		{ADA963D7-F30F-46C5-BECA-A4B990C99567}.Debug|Any CPU.ActiveCfg = Debug|Any CPU
		{ADA963D7-F30F-46C5-BECA-A4B990C99567}.Debug|Any CPU.Build.0 = Debug|Any CPU
		{ADA963D7-F30F-46C5-BECA-A4B990C99567}.Debug|ARM.ActiveCfg = Debug|Any CPU
		{ADA963D7-F30F-46C5-BECA-A4B990C99567}.Debug|ARM.Build.0 = Debug|Any CPU
		{ADA963D7-F30F-46C5-BECA-A4B990C99567}.Debug|ARM64.ActiveCfg = Debug|Any CPU
		{ADA963D7-F30F-46C5-BECA-A4B990C99567}.Debug|ARM64.Build.0 = Debug|Any CPU
		{ADA963D7-F30F-46C5-BECA-A4B990C99567}.Debug|x64.ActiveCfg = Debug|Any CPU
		{ADA963D7-F30F-46C5-BECA-A4B990C99567}.Debug|x64.Build.0 = Debug|Any CPU
		{ADA963D7-F30F-46C5-BECA-A4B990C99567}.Debug|x86.ActiveCfg = Debug|Any CPU
		{ADA963D7-F30F-46C5-BECA-A4B990C99567}.Debug|x86.Build.0 = Debug|Any CPU
		{ADA963D7-F30F-46C5-BECA-A4B990C99567}.Release|Any CPU.ActiveCfg = Release|Any CPU
		{ADA963D7-F30F-46C5-BECA-A4B990C99567}.Release|Any CPU.Build.0 = Release|Any CPU
		{ADA963D7-F30F-46C5-BECA-A4B990C99567}.Release|ARM.ActiveCfg = Release|Any CPU
		{ADA963D7-F30F-46C5-BECA-A4B990C99567}.Release|ARM.Build.0 = Release|Any CPU
		{ADA963D7-F30F-46C5-BECA-A4B990C99567}.Release|ARM64.ActiveCfg = Release|Any CPU
		{ADA963D7-F30F-46C5-BECA-A4B990C99567}.Release|ARM64.Build.0 = Release|Any CPU
		{ADA963D7-F30F-46C5-BECA-A4B990C99567}.Release|x64.ActiveCfg = Release|Any CPU
		{ADA963D7-F30F-46C5-BECA-A4B990C99567}.Release|x64.Build.0 = Release|Any CPU
		{ADA963D7-F30F-46C5-BECA-A4B990C99567}.Release|x86.ActiveCfg = Release|Any CPU
		{ADA963D7-F30F-46C5-BECA-A4B990C99567}.Release|x86.Build.0 = Release|Any CPU
		{61B97F15-A2FA-4412-80A8-F91AF511CCEA}.Debug|Any CPU.ActiveCfg = Debug|x86
		{61B97F15-A2FA-4412-80A8-F91AF511CCEA}.Debug|ARM.ActiveCfg = Debug|ARM
		{61B97F15-A2FA-4412-80A8-F91AF511CCEA}.Debug|ARM.Build.0 = Debug|ARM
		{61B97F15-A2FA-4412-80A8-F91AF511CCEA}.Debug|ARM.Deploy.0 = Debug|ARM
		{61B97F15-A2FA-4412-80A8-F91AF511CCEA}.Debug|ARM64.ActiveCfg = Debug|ARM64
		{61B97F15-A2FA-4412-80A8-F91AF511CCEA}.Debug|ARM64.Build.0 = Debug|ARM64
		{61B97F15-A2FA-4412-80A8-F91AF511CCEA}.Debug|ARM64.Deploy.0 = Debug|ARM64
		{61B97F15-A2FA-4412-80A8-F91AF511CCEA}.Debug|x64.ActiveCfg = Debug|x64
		{61B97F15-A2FA-4412-80A8-F91AF511CCEA}.Debug|x64.Build.0 = Debug|x64
		{61B97F15-A2FA-4412-80A8-F91AF511CCEA}.Debug|x64.Deploy.0 = Debug|x64
		{61B97F15-A2FA-4412-80A8-F91AF511CCEA}.Debug|x86.ActiveCfg = Debug|x86
		{61B97F15-A2FA-4412-80A8-F91AF511CCEA}.Debug|x86.Build.0 = Debug|x86
		{61B97F15-A2FA-4412-80A8-F91AF511CCEA}.Debug|x86.Deploy.0 = Debug|x86
		{61B97F15-A2FA-4412-80A8-F91AF511CCEA}.Release|Any CPU.ActiveCfg = Release|x86
		{61B97F15-A2FA-4412-80A8-F91AF511CCEA}.Release|ARM.ActiveCfg = Release|ARM
		{61B97F15-A2FA-4412-80A8-F91AF511CCEA}.Release|ARM.Build.0 = Release|ARM
		{61B97F15-A2FA-4412-80A8-F91AF511CCEA}.Release|ARM.Deploy.0 = Release|ARM
		{61B97F15-A2FA-4412-80A8-F91AF511CCEA}.Release|ARM64.ActiveCfg = Release|ARM64
		{61B97F15-A2FA-4412-80A8-F91AF511CCEA}.Release|ARM64.Build.0 = Release|ARM64
		{61B97F15-A2FA-4412-80A8-F91AF511CCEA}.Release|ARM64.Deploy.0 = Release|ARM64
		{61B97F15-A2FA-4412-80A8-F91AF511CCEA}.Release|x64.ActiveCfg = Release|x64
		{61B97F15-A2FA-4412-80A8-F91AF511CCEA}.Release|x64.Build.0 = Release|x64
		{61B97F15-A2FA-4412-80A8-F91AF511CCEA}.Release|x64.Deploy.0 = Release|x64
		{61B97F15-A2FA-4412-80A8-F91AF511CCEA}.Release|x86.ActiveCfg = Release|x86
		{61B97F15-A2FA-4412-80A8-F91AF511CCEA}.Release|x86.Build.0 = Release|x86
		{61B97F15-A2FA-4412-80A8-F91AF511CCEA}.Release|x86.Deploy.0 = Release|x86
		{319FCE2B-2D05-4B94-BF68-E800DB513A74}.Debug|Any CPU.ActiveCfg = Debug|x86
		{319FCE2B-2D05-4B94-BF68-E800DB513A74}.Debug|ARM.ActiveCfg = Debug|ARM
		{319FCE2B-2D05-4B94-BF68-E800DB513A74}.Debug|ARM.Build.0 = Debug|ARM
		{319FCE2B-2D05-4B94-BF68-E800DB513A74}.Debug|ARM.Deploy.0 = Debug|ARM
		{319FCE2B-2D05-4B94-BF68-E800DB513A74}.Debug|ARM64.ActiveCfg = Debug|ARM64
		{319FCE2B-2D05-4B94-BF68-E800DB513A74}.Debug|ARM64.Build.0 = Debug|ARM64
		{319FCE2B-2D05-4B94-BF68-E800DB513A74}.Debug|ARM64.Deploy.0 = Debug|ARM64
		{319FCE2B-2D05-4B94-BF68-E800DB513A74}.Debug|x64.ActiveCfg = Debug|x64
		{319FCE2B-2D05-4B94-BF68-E800DB513A74}.Debug|x64.Build.0 = Debug|x64
		{319FCE2B-2D05-4B94-BF68-E800DB513A74}.Debug|x64.Deploy.0 = Debug|x64
		{319FCE2B-2D05-4B94-BF68-E800DB513A74}.Debug|x86.ActiveCfg = Debug|x86
		{319FCE2B-2D05-4B94-BF68-E800DB513A74}.Debug|x86.Build.0 = Debug|x86
		{319FCE2B-2D05-4B94-BF68-E800DB513A74}.Debug|x86.Deploy.0 = Debug|x86
		{319FCE2B-2D05-4B94-BF68-E800DB513A74}.Release|Any CPU.ActiveCfg = Release|x86
		{319FCE2B-2D05-4B94-BF68-E800DB513A74}.Release|ARM.ActiveCfg = Release|ARM
		{319FCE2B-2D05-4B94-BF68-E800DB513A74}.Release|ARM.Build.0 = Release|ARM
		{319FCE2B-2D05-4B94-BF68-E800DB513A74}.Release|ARM.Deploy.0 = Release|ARM
		{319FCE2B-2D05-4B94-BF68-E800DB513A74}.Release|ARM64.ActiveCfg = Release|ARM64
		{319FCE2B-2D05-4B94-BF68-E800DB513A74}.Release|ARM64.Build.0 = Release|ARM64
		{319FCE2B-2D05-4B94-BF68-E800DB513A74}.Release|ARM64.Deploy.0 = Release|ARM64
		{319FCE2B-2D05-4B94-BF68-E800DB513A74}.Release|x64.ActiveCfg = Release|x64
		{319FCE2B-2D05-4B94-BF68-E800DB513A74}.Release|x64.Build.0 = Release|x64
		{319FCE2B-2D05-4B94-BF68-E800DB513A74}.Release|x64.Deploy.0 = Release|x64
		{319FCE2B-2D05-4B94-BF68-E800DB513A74}.Release|x86.ActiveCfg = Release|x86
		{319FCE2B-2D05-4B94-BF68-E800DB513A74}.Release|x86.Build.0 = Release|x86
		{319FCE2B-2D05-4B94-BF68-E800DB513A74}.Release|x86.Deploy.0 = Release|x86
		{08001DF6-D66B-4091-BF62-8DE3AEA6AE73}.Debug|Any CPU.ActiveCfg = Debug|x86
		{08001DF6-D66B-4091-BF62-8DE3AEA6AE73}.Debug|ARM.ActiveCfg = Debug|ARM
		{08001DF6-D66B-4091-BF62-8DE3AEA6AE73}.Debug|ARM.Build.0 = Debug|ARM
		{08001DF6-D66B-4091-BF62-8DE3AEA6AE73}.Debug|ARM.Deploy.0 = Debug|ARM
		{08001DF6-D66B-4091-BF62-8DE3AEA6AE73}.Debug|ARM64.ActiveCfg = Debug|ARM64
		{08001DF6-D66B-4091-BF62-8DE3AEA6AE73}.Debug|ARM64.Build.0 = Debug|ARM64
		{08001DF6-D66B-4091-BF62-8DE3AEA6AE73}.Debug|ARM64.Deploy.0 = Debug|ARM64
		{08001DF6-D66B-4091-BF62-8DE3AEA6AE73}.Debug|x64.ActiveCfg = Debug|x64
		{08001DF6-D66B-4091-BF62-8DE3AEA6AE73}.Debug|x64.Build.0 = Debug|x64
		{08001DF6-D66B-4091-BF62-8DE3AEA6AE73}.Debug|x64.Deploy.0 = Debug|x64
		{08001DF6-D66B-4091-BF62-8DE3AEA6AE73}.Debug|x86.ActiveCfg = Debug|x86
		{08001DF6-D66B-4091-BF62-8DE3AEA6AE73}.Debug|x86.Build.0 = Debug|x86
		{08001DF6-D66B-4091-BF62-8DE3AEA6AE73}.Debug|x86.Deploy.0 = Debug|x86
		{08001DF6-D66B-4091-BF62-8DE3AEA6AE73}.Release|Any CPU.ActiveCfg = Release|x86
		{08001DF6-D66B-4091-BF62-8DE3AEA6AE73}.Release|ARM.ActiveCfg = Release|ARM
		{08001DF6-D66B-4091-BF62-8DE3AEA6AE73}.Release|ARM.Build.0 = Release|ARM
		{08001DF6-D66B-4091-BF62-8DE3AEA6AE73}.Release|ARM.Deploy.0 = Release|ARM
		{08001DF6-D66B-4091-BF62-8DE3AEA6AE73}.Release|ARM64.ActiveCfg = Release|ARM64
		{08001DF6-D66B-4091-BF62-8DE3AEA6AE73}.Release|ARM64.Build.0 = Release|ARM64
		{08001DF6-D66B-4091-BF62-8DE3AEA6AE73}.Release|ARM64.Deploy.0 = Release|ARM64
		{08001DF6-D66B-4091-BF62-8DE3AEA6AE73}.Release|x64.ActiveCfg = Release|x64
		{08001DF6-D66B-4091-BF62-8DE3AEA6AE73}.Release|x64.Build.0 = Release|x64
		{08001DF6-D66B-4091-BF62-8DE3AEA6AE73}.Release|x64.Deploy.0 = Release|x64
		{08001DF6-D66B-4091-BF62-8DE3AEA6AE73}.Release|x86.ActiveCfg = Release|x86
		{08001DF6-D66B-4091-BF62-8DE3AEA6AE73}.Release|x86.Build.0 = Release|x86
		{08001DF6-D66B-4091-BF62-8DE3AEA6AE73}.Release|x86.Deploy.0 = Release|x86
	EndGlobalSection
	GlobalSection(SolutionProperties) = preSolution
		HideSolutionNode = FALSE
	EndGlobalSection
	GlobalSection(ExtensibilityGlobals) = postSolution
		SolutionGuid = {F54BEE8F-EBF8-433E-9FD6-4659BEDC313D}
	EndGlobalSection
EndGlobal
